// !$*UTF8*$!
{
	archiveVersion = 1;
	classes = {
	};
	objectVersion = 55;
	objects = {

/* Begin PBXBuildFile section */
		5FD314CDA4357054DB0A5D0A /* Pods_RepoApp.framework in Frameworks */ = {isa = PBXBuildFile; fileRef = 76625B165E0B9E356D40CA95 /* Pods_RepoApp.framework */; };
		F70583D32AA9FB420059EB70 /* NetworkManager.swift in Sources */ = {isa = PBXBuildFile; fileRef = F70583D22AA9FB420059EB70 /* NetworkManager.swift */; };
		F70583D52AA9FF570059EB70 /* ImageLoader.swift in Sources */ = {isa = PBXBuildFile; fileRef = F70583D42AA9FF570059EB70 /* ImageLoader.swift */; };
		F70583D82AAB0AA80059EB70 /* Repository.swift in Sources */ = {isa = PBXBuildFile; fileRef = F70583D72AAB0AA80059EB70 /* Repository.swift */; };
		F70583DA2AAB149C0059EB70 /* APIModel.swift in Sources */ = {isa = PBXBuildFile; fileRef = F70583D92AAB149C0059EB70 /* APIModel.swift */; };
		F70583DC2AAB37810059EB70 /* UIViewController+Extension.swift in Sources */ = {isa = PBXBuildFile; fileRef = F70583DB2AAB37810059EB70 /* UIViewController+Extension.swift */; };
		F70583DF2AAB4AA30059EB70 /* InfoViewController.swift in Sources */ = {isa = PBXBuildFile; fileRef = F70583DE2AAB4AA30059EB70 /* InfoViewController.swift */; };
		F70583E12AAB4BA10059EB70 /* InfoPresenter.swift in Sources */ = {isa = PBXBuildFile; fileRef = F70583E02AAB4BA10059EB70 /* InfoPresenter.swift */; };
		F747E1D92AA9C199006B6D45 /* AppDelegate.swift in Sources */ = {isa = PBXBuildFile; fileRef = F747E1D82AA9C199006B6D45 /* AppDelegate.swift */; };
		F747E1DB2AA9C199006B6D45 /* SceneDelegate.swift in Sources */ = {isa = PBXBuildFile; fileRef = F747E1DA2AA9C199006B6D45 /* SceneDelegate.swift */; };
		F747E1E02AA9C199006B6D45 /* Main.storyboard in Resources */ = {isa = PBXBuildFile; fileRef = F747E1DE2AA9C199006B6D45 /* Main.storyboard */; };
		F747E1E22AA9C199006B6D45 /* Images.xcassets in Resources */ = {isa = PBXBuildFile; fileRef = F747E1E12AA9C199006B6D45 /* Images.xcassets */; };
		F747E1E52AA9C199006B6D45 /* LaunchScreen.storyboard in Resources */ = {isa = PBXBuildFile; fileRef = F747E1E32AA9C199006B6D45 /* LaunchScreen.storyboard */; };
		F78B99F72AAE73100009CC91 /* RepoListProtocol.swift in Sources */ = {isa = PBXBuildFile; fileRef = F78B99F62AAE73100009CC91 /* RepoListProtocol.swift */; };
		F78B99F92AAE816F0009CC91 /* URL+Extension.swift in Sources */ = {isa = PBXBuildFile; fileRef = F78B99F82AAE816F0009CC91 /* URL+Extension.swift */; };
		F78B99FB2AAE83680009CC91 /* InfoPresenterProtocol.swift in Sources */ = {isa = PBXBuildFile; fileRef = F78B99FA2AAE83680009CC91 /* InfoPresenterProtocol.swift */; };
		F78B99FD2AAE84940009CC91 /* Localizable.strings in Resources */ = {isa = PBXBuildFile; fileRef = F78B99FC2AAE84940009CC91 /* Localizable.strings */; };
		F78B9A012AAE851F0009CC91 /* assets.swift in Sources */ = {isa = PBXBuildFile; fileRef = F78B99FF2AAE851F0009CC91 /* assets.swift */; };
		F78B9A022AAE851F0009CC91 /* strings.swift in Sources */ = {isa = PBXBuildFile; fileRef = F78B9A002AAE851F0009CC91 /* strings.swift */; };
		F7AEB3972AA9C62E0099D022 /* RepoListPresenter.swift in Sources */ = {isa = PBXBuildFile; fileRef = F7AEB3962AA9C62E0099D022 /* RepoListPresenter.swift */; };
		F7AEB3992AA9C6450099D022 /* RepoListCell.swift in Sources */ = {isa = PBXBuildFile; fileRef = F7AEB3982AA9C6450099D022 /* RepoListCell.swift */; };
		F7AEB39B2AA9C6600099D022 /* RepoListViewController.swift in Sources */ = {isa = PBXBuildFile; fileRef = F7AEB39A2AA9C6600099D022 /* RepoListViewController.swift */; };
		F7AEB3A12AA9C76F0099D022 /* UITableView+Extension.swift in Sources */ = {isa = PBXBuildFile; fileRef = F7AEB3A02AA9C76F0099D022 /* UITableView+Extension.swift */; };
		F7AEB3A42AA9EBF00099D022 /* GithubModel.swift in Sources */ = {isa = PBXBuildFile; fileRef = F7AEB3A32AA9EBF00099D022 /* GithubModel.swift */; };
		F7AEB3A62AA9EBFE0099D022 /* BitbucketModel.swift in Sources */ = {isa = PBXBuildFile; fileRef = F7AEB3A52AA9EBFE0099D022 /* BitbucketModel.swift */; };
		F7D72CF22AACB3810014E9D1 /* Enums.swift in Sources */ = {isa = PBXBuildFile; fileRef = F7D72CF12AACB3810014E9D1 /* Enums.swift */; };
/* End PBXBuildFile section */

/* Begin PBXFileReference section */
		76625B165E0B9E356D40CA95 /* Pods_RepoApp.framework */ = {isa = PBXFileReference; explicitFileType = wrapper.framework; includeInIndex = 0; path = Pods_RepoApp.framework; sourceTree = BUILT_PRODUCTS_DIR; };
		77DF1C3BA7A6E5E2DE39D399 /* Pods-RepoApp.release.xcconfig */ = {isa = PBXFileReference; includeInIndex = 1; lastKnownFileType = text.xcconfig; name = "Pods-RepoApp.release.xcconfig"; path = "Target Support Files/Pods-RepoApp/Pods-RepoApp.release.xcconfig"; sourceTree = "<group>"; };
		9B4FF0B4C6224BD82ACD3FFE /* Pods-RepoApp.debug.xcconfig */ = {isa = PBXFileReference; includeInIndex = 1; lastKnownFileType = text.xcconfig; name = "Pods-RepoApp.debug.xcconfig"; path = "Target Support Files/Pods-RepoApp/Pods-RepoApp.debug.xcconfig"; sourceTree = "<group>"; };
		F70583D22AA9FB420059EB70 /* NetworkManager.swift */ = {isa = PBXFileReference; lastKnownFileType = sourcecode.swift; path = NetworkManager.swift; sourceTree = "<group>"; };
		F70583D42AA9FF570059EB70 /* ImageLoader.swift */ = {isa = PBXFileReference; lastKnownFileType = sourcecode.swift; path = ImageLoader.swift; sourceTree = "<group>"; };
		F70583D72AAB0AA80059EB70 /* Repository.swift */ = {isa = PBXFileReference; lastKnownFileType = sourcecode.swift; path = Repository.swift; sourceTree = "<group>"; };
		F70583D92AAB149C0059EB70 /* APIModel.swift */ = {isa = PBXFileReference; lastKnownFileType = sourcecode.swift; path = APIModel.swift; sourceTree = "<group>"; };
		F70583DB2AAB37810059EB70 /* UIViewController+Extension.swift */ = {isa = PBXFileReference; lastKnownFileType = sourcecode.swift; path = "UIViewController+Extension.swift"; sourceTree = "<group>"; };
		F70583DE2AAB4AA30059EB70 /* InfoViewController.swift */ = {isa = PBXFileReference; lastKnownFileType = sourcecode.swift; path = InfoViewController.swift; sourceTree = "<group>"; };
		F70583E02AAB4BA10059EB70 /* InfoPresenter.swift */ = {isa = PBXFileReference; lastKnownFileType = sourcecode.swift; path = InfoPresenter.swift; sourceTree = "<group>"; };
		F747E1D52AA9C199006B6D45 /* RepoApp.app */ = {isa = PBXFileReference; explicitFileType = wrapper.application; includeInIndex = 0; path = RepoApp.app; sourceTree = BUILT_PRODUCTS_DIR; };
		F747E1D82AA9C199006B6D45 /* AppDelegate.swift */ = {isa = PBXFileReference; lastKnownFileType = sourcecode.swift; path = AppDelegate.swift; sourceTree = "<group>"; };
		F747E1DA2AA9C199006B6D45 /* SceneDelegate.swift */ = {isa = PBXFileReference; lastKnownFileType = sourcecode.swift; path = SceneDelegate.swift; sourceTree = "<group>"; };
		F747E1DF2AA9C199006B6D45 /* Base */ = {isa = PBXFileReference; lastKnownFileType = file.storyboard; name = Base; path = Base.lproj/Main.storyboard; sourceTree = "<group>"; };
		F747E1E12AA9C199006B6D45 /* Images.xcassets */ = {isa = PBXFileReference; lastKnownFileType = folder.assetcatalog; path = Images.xcassets; sourceTree = "<group>"; };
		F747E1E42AA9C199006B6D45 /* Base */ = {isa = PBXFileReference; lastKnownFileType = file.storyboard; name = Base; path = Base.lproj/LaunchScreen.storyboard; sourceTree = "<group>"; };
		F747E1E62AA9C199006B6D45 /* Info.plist */ = {isa = PBXFileReference; lastKnownFileType = text.plist.xml; path = Info.plist; sourceTree = "<group>"; };
		F78B99F62AAE73100009CC91 /* RepoListProtocol.swift */ = {isa = PBXFileReference; lastKnownFileType = sourcecode.swift; path = RepoListProtocol.swift; sourceTree = "<group>"; };
		F78B99F82AAE816F0009CC91 /* URL+Extension.swift */ = {isa = PBXFileReference; lastKnownFileType = sourcecode.swift; path = "URL+Extension.swift"; sourceTree = "<group>"; };
		F78B99FA2AAE83680009CC91 /* InfoPresenterProtocol.swift */ = {isa = PBXFileReference; lastKnownFileType = sourcecode.swift; path = InfoPresenterProtocol.swift; sourceTree = "<group>"; };
		F78B99FC2AAE84940009CC91 /* Localizable.strings */ = {isa = PBXFileReference; lastKnownFileType = text.plist.strings; path = Localizable.strings; sourceTree = "<group>"; };
		F78B99FF2AAE851F0009CC91 /* assets.swift */ = {isa = PBXFileReference; fileEncoding = 4; lastKnownFileType = sourcecode.swift; path = assets.swift; sourceTree = "<group>"; };
		F78B9A002AAE851F0009CC91 /* strings.swift */ = {isa = PBXFileReference; fileEncoding = 4; lastKnownFileType = sourcecode.swift; path = strings.swift; sourceTree = "<group>"; };
		F7AEB3962AA9C62E0099D022 /* RepoListPresenter.swift */ = {isa = PBXFileReference; lastKnownFileType = sourcecode.swift; path = RepoListPresenter.swift; sourceTree = "<group>"; };
		F7AEB3982AA9C6450099D022 /* RepoListCell.swift */ = {isa = PBXFileReference; lastKnownFileType = sourcecode.swift; path = RepoListCell.swift; sourceTree = "<group>"; };
		F7AEB39A2AA9C6600099D022 /* RepoListViewController.swift */ = {isa = PBXFileReference; lastKnownFileType = sourcecode.swift; path = RepoListViewController.swift; sourceTree = "<group>"; };
		F7AEB3A02AA9C76F0099D022 /* UITableView+Extension.swift */ = {isa = PBXFileReference; lastKnownFileType = sourcecode.swift; path = "UITableView+Extension.swift"; sourceTree = "<group>"; };
		F7AEB3A32AA9EBF00099D022 /* GithubModel.swift */ = {isa = PBXFileReference; lastKnownFileType = sourcecode.swift; path = GithubModel.swift; sourceTree = "<group>"; };
		F7AEB3A52AA9EBFE0099D022 /* BitbucketModel.swift */ = {isa = PBXFileReference; lastKnownFileType = sourcecode.swift; path = BitbucketModel.swift; sourceTree = "<group>"; };
		F7D72CF12AACB3810014E9D1 /* Enums.swift */ = {isa = PBXFileReference; lastKnownFileType = sourcecode.swift; path = Enums.swift; sourceTree = "<group>"; };
/* End PBXFileReference section */

/* Begin PBXFrameworksBuildPhase section */
		F747E1D22AA9C199006B6D45 /* Frameworks */ = {
			isa = PBXFrameworksBuildPhase;
			buildActionMask = 2147483647;
			files = (
				5FD314CDA4357054DB0A5D0A /* Pods_RepoApp.framework in Frameworks */,
			);
			runOnlyForDeploymentPostprocessing = 0;
		};
/* End PBXFrameworksBuildPhase section */

/* Begin PBXGroup section */
		9BC40A142BE7C6BA03832E07 /* Pods */ = {
			isa = PBXGroup;
			children = (
				9B4FF0B4C6224BD82ACD3FFE /* Pods-RepoApp.debug.xcconfig */,
				77DF1C3BA7A6E5E2DE39D399 /* Pods-RepoApp.release.xcconfig */,
			);
			path = Pods;
			sourceTree = "<group>";
		};
		EB28B47F89CE294CC0D25ADA /* Frameworks */ = {
			isa = PBXGroup;
			children = (
				76625B165E0B9E356D40CA95 /* Pods_RepoApp.framework */,
			);
			name = Frameworks;
			sourceTree = "<group>";
		};
		F70583D62AA9FF750059EB70 /* Network */ = {
			isa = PBXGroup;
			children = (
				F70583D22AA9FB420059EB70 /* NetworkManager.swift */,
				F70583D92AAB149C0059EB70 /* APIModel.swift */,
				F70583D42AA9FF570059EB70 /* ImageLoader.swift */,
			);
			path = Network;
			sourceTree = "<group>";
		};
		F70583DD2AAB4A830059EB70 /* InfoVC */ = {
			isa = PBXGroup;
			children = (
				F70583DE2AAB4AA30059EB70 /* InfoViewController.swift */,
				F70583E02AAB4BA10059EB70 /* InfoPresenter.swift */,
				F78B99FA2AAE83680009CC91 /* InfoPresenterProtocol.swift */,
			);
			path = InfoVC;
			sourceTree = "<group>";
		};
		F747E1CC2AA9C199006B6D45 = {
			isa = PBXGroup;
			children = (
				F747E1D72AA9C199006B6D45 /* RepoApp */,
				F747E1D62AA9C199006B6D45 /* Products */,
				9BC40A142BE7C6BA03832E07 /* Pods */,
				EB28B47F89CE294CC0D25ADA /* Frameworks */,
			);
			sourceTree = "<group>";
		};
		F747E1D62AA9C199006B6D45 /* Products */ = {
			isa = PBXGroup;
			children = (
				F747E1D52AA9C199006B6D45 /* RepoApp.app */,
			);
			name = Products;
			sourceTree = "<group>";
		};
		F747E1D72AA9C199006B6D45 /* RepoApp */ = {
			isa = PBXGroup;
			children = (
				F70583D62AA9FF750059EB70 /* Network */,
				F7AEB3A22AA9EBD20099D022 /* Models */,
				F7AEB39C2AA9C6680099D022 /* RepoList */,
				F70583DD2AAB4A830059EB70 /* InfoVC */,
				F7AEB39F2AA9C7570099D022 /* Extensions */,
				F7AEB39D2AA9C6BA0099D022 /* App */,
				F78B99FE2AAE84AE0009CC91 /* SwiftGen */,
				F7AEB39E2AA9C6D50099D022 /* Resources */,
				F747E1E62AA9C199006B6D45 /* Info.plist */,
			);
			path = RepoApp;
			sourceTree = "<group>";
		};
		F78B99FE2AAE84AE0009CC91 /* SwiftGen */ = {
			isa = PBXGroup;
			children = (
				F78B99FF2AAE851F0009CC91 /* assets.swift */,
				F78B9A002AAE851F0009CC91 /* strings.swift */,
			);
			path = SwiftGen;
			sourceTree = "<group>";
		};
		F7AEB39C2AA9C6680099D022 /* RepoList */ = {
			isa = PBXGroup;
			children = (
				F7AEB39A2AA9C6600099D022 /* RepoListViewController.swift */,
				F7AEB3962AA9C62E0099D022 /* RepoListPresenter.swift */,
				F78B99F62AAE73100009CC91 /* RepoListProtocol.swift */,
				F7AEB3982AA9C6450099D022 /* RepoListCell.swift */,
			);
			name = RepoList;
			path = ..;
			sourceTree = "<group>";
		};
		F7AEB39D2AA9C6BA0099D022 /* App */ = {
			isa = PBXGroup;
			children = (
				F747E1D82AA9C199006B6D45 /* AppDelegate.swift */,
				F747E1DA2AA9C199006B6D45 /* SceneDelegate.swift */,
				F747E1DE2AA9C199006B6D45 /* Main.storyboard */,
				F747E1E32AA9C199006B6D45 /* LaunchScreen.storyboard */,
			);
			path = App;
			sourceTree = "<group>";
		};
		F7AEB39E2AA9C6D50099D022 /* Resources */ = {
			isa = PBXGroup;
			children = (
				F747E1E12AA9C199006B6D45 /* Images.xcassets */,
				F78B99FC2AAE84940009CC91 /* Localizable.strings */,
			);
			path = Resources;
			sourceTree = "<group>";
		};
		F7AEB39F2AA9C7570099D022 /* Extensions */ = {
			isa = PBXGroup;
			children = (
				F78B99F82AAE816F0009CC91 /* URL+Extension.swift */,
				F7AEB3A02AA9C76F0099D022 /* UITableView+Extension.swift */,
				F70583DB2AAB37810059EB70 /* UIViewController+Extension.swift */,
			);
			path = Extensions;
			sourceTree = "<group>";
		};
		F7AEB3A22AA9EBD20099D022 /* Models */ = {
			isa = PBXGroup;
			children = (
				F7AEB3A32AA9EBF00099D022 /* GithubModel.swift */,
				F7AEB3A52AA9EBFE0099D022 /* BitbucketModel.swift */,
				F70583D72AAB0AA80059EB70 /* Repository.swift */,
				F7D72CF12AACB3810014E9D1 /* Enums.swift */,
			);
			path = Models;
			sourceTree = "<group>";
		};
/* End PBXGroup section */

/* Begin PBXNativeTarget section */
		F747E1D42AA9C199006B6D45 /* RepoApp */ = {
			isa = PBXNativeTarget;
			buildConfigurationList = F747E1E92AA9C199006B6D45 /* Build configuration list for PBXNativeTarget "RepoApp" */;
			buildPhases = (
				2F7E0BB0DE1AFCF1A220EE0D /* [CP] Check Pods Manifest.lock */,
				F747E1D12AA9C199006B6D45 /* Sources */,
				F747E1D22AA9C199006B6D45 /* Frameworks */,
				F747E1D32AA9C199006B6D45 /* Resources */,
				066053686E55DC618D2437B1 /* [CP] Embed Pods Frameworks */,
			);
			buildRules = (
			);
			dependencies = (
			);
			name = RepoApp;
			productName = RepoApp;
			productReference = F747E1D52AA9C199006B6D45 /* RepoApp.app */;
			productType = "com.apple.product-type.application";
		};
/* End PBXNativeTarget section */

/* Begin PBXProject section */
		F747E1CD2AA9C199006B6D45 /* Project object */ = {
			isa = PBXProject;
			attributes = {
				BuildIndependentTargetsInParallel = 1;
				LastSwiftUpdateCheck = 1430;
				LastUpgradeCheck = 1430;
				TargetAttributes = {
					F747E1D42AA9C199006B6D45 = {
						CreatedOnToolsVersion = 14.3.1;
					};
				};
			};
			buildConfigurationList = F747E1D02AA9C199006B6D45 /* Build configuration list for PBXProject "RepoApp" */;
			compatibilityVersion = "Xcode 13.0";
			developmentRegion = en;
			hasScannedForEncodings = 0;
			knownRegions = (
				en,
				Base,
			);
			mainGroup = F747E1CC2AA9C199006B6D45;
			productRefGroup = F747E1D62AA9C199006B6D45 /* Products */;
			projectDirPath = "";
			projectRoot = "";
			targets = (
				F747E1D42AA9C199006B6D45 /* RepoApp */,
			);
		};
/* End PBXProject section */

/* Begin PBXResourcesBuildPhase section */
		F747E1D32AA9C199006B6D45 /* Resources */ = {
			isa = PBXResourcesBuildPhase;
			buildActionMask = 2147483647;
			files = (
				F747E1E52AA9C199006B6D45 /* LaunchScreen.storyboard in Resources */,
				F78B99FD2AAE84940009CC91 /* Localizable.strings in Resources */,
				F747E1E22AA9C199006B6D45 /* Images.xcassets in Resources */,
				F747E1E02AA9C199006B6D45 /* Main.storyboard in Resources */,
			);
			runOnlyForDeploymentPostprocessing = 0;
		};
/* End PBXResourcesBuildPhase section */

/* Begin PBXShellScriptBuildPhase section */
		066053686E55DC618D2437B1 /* [CP] Embed Pods Frameworks */ = {
			isa = PBXShellScriptBuildPhase;
			buildActionMask = 2147483647;
			files = (
			);
			inputFileListPaths = (
				"${PODS_ROOT}/Target Support Files/Pods-RepoApp/Pods-RepoApp-frameworks-${CONFIGURATION}-input-files.xcfilelist",
			);
			name = "[CP] Embed Pods Frameworks";
			outputFileListPaths = (
				"${PODS_ROOT}/Target Support Files/Pods-RepoApp/Pods-RepoApp-frameworks-${CONFIGURATION}-output-files.xcfilelist",
			);
			runOnlyForDeploymentPostprocessing = 0;
			shellPath = /bin/sh;
			shellScript = "\"${PODS_ROOT}/Target Support Files/Pods-RepoApp/Pods-RepoApp-frameworks.sh\"\n";
			showEnvVarsInLog = 0;
		};
		2F7E0BB0DE1AFCF1A220EE0D /* [CP] Check Pods Manifest.lock */ = {
			isa = PBXShellScriptBuildPhase;
			buildActionMask = 2147483647;
			files = (
			);
			inputFileListPaths = (
			);
			inputPaths = (
				"${PODS_PODFILE_DIR_PATH}/Podfile.lock",
				"${PODS_ROOT}/Manifest.lock",
			);
			name = "[CP] Check Pods Manifest.lock";
			outputFileListPaths = (
			);
			outputPaths = (
				"$(DERIVED_FILE_DIR)/Pods-RepoApp-checkManifestLockResult.txt",
			);
			runOnlyForDeploymentPostprocessing = 0;
			shellPath = /bin/sh;
			shellScript = "diff \"${PODS_PODFILE_DIR_PATH}/Podfile.lock\" \"${PODS_ROOT}/Manifest.lock\" > /dev/null\nif [ $? != 0 ] ; then\n    # print error to STDERR\n    echo \"error: The sandbox is not in sync with the Podfile.lock. Run 'pod install' or update your CocoaPods installation.\" >&2\n    exit 1\nfi\n# This output is used by Xcode 'outputs' to avoid re-running this script phase.\necho \"SUCCESS\" > \"${SCRIPT_OUTPUT_FILE_0}\"\n";
			showEnvVarsInLog = 0;
		};
/* End PBXShellScriptBuildPhase section */

/* Begin PBXSourcesBuildPhase section */
		F747E1D12AA9C199006B6D45 /* Sources */ = {
			isa = PBXSourcesBuildPhase;
			buildActionMask = 2147483647;
			files = (
				F70583D32AA9FB420059EB70 /* NetworkManager.swift in Sources */,
				F70583DC2AAB37810059EB70 /* UIViewController+Extension.swift in Sources */,
				F7AEB3972AA9C62E0099D022 /* RepoListPresenter.swift in Sources */,
				F70583D52AA9FF570059EB70 /* ImageLoader.swift in Sources */,
				F7AEB3992AA9C6450099D022 /* RepoListCell.swift in Sources */,
				F78B9A022AAE851F0009CC91 /* strings.swift in Sources */,
				F78B99F92AAE816F0009CC91 /* URL+Extension.swift in Sources */,
				F78B99F72AAE73100009CC91 /* RepoListProtocol.swift in Sources */,
				F70583E12AAB4BA10059EB70 /* InfoPresenter.swift in Sources */,
				F70583D82AAB0AA80059EB70 /* Repository.swift in Sources */,
				F70583DA2AAB149C0059EB70 /* APIModel.swift in Sources */,
				F747E1D92AA9C199006B6D45 /* AppDelegate.swift in Sources */,
				F7AEB39B2AA9C6600099D022 /* RepoListViewController.swift in Sources */,
				F7AEB3A42AA9EBF00099D022 /* GithubModel.swift in Sources */,
				F70583DF2AAB4AA30059EB70 /* InfoViewController.swift in Sources */,
				F78B9A012AAE851F0009CC91 /* assets.swift in Sources */,
				F7AEB3A62AA9EBFE0099D022 /* BitbucketModel.swift in Sources */,
				F78B99FB2AAE83680009CC91 /* InfoPresenterProtocol.swift in Sources */,
				F747E1DB2AA9C199006B6D45 /* SceneDelegate.swift in Sources */,
				F7D72CF22AACB3810014E9D1 /* Enums.swift in Sources */,
				F7AEB3A12AA9C76F0099D022 /* UITableView+Extension.swift in Sources */,
			);
			runOnlyForDeploymentPostprocessing = 0;
		};
/* End PBXSourcesBuildPhase section */

/* Begin PBXVariantGroup section */
		F747E1DE2AA9C199006B6D45 /* Main.storyboard */ = {
			isa = PBXVariantGroup;
			children = (
				F747E1DF2AA9C199006B6D45 /* Base */,
			);
			name = Main.storyboard;
			sourceTree = "<group>";
		};
		F747E1E32AA9C199006B6D45 /* LaunchScreen.storyboard */ = {
			isa = PBXVariantGroup;
			children = (
				F747E1E42AA9C199006B6D45 /* Base */,
			);
			name = LaunchScreen.storyboard;
			sourceTree = "<group>";
		};
/* End PBXVariantGroup section */

/* Begin XCBuildConfiguration section */
		F747E1E72AA9C199006B6D45 /* Debug */ = {
			isa = XCBuildConfiguration;
			buildSettings = {
				ALWAYS_SEARCH_USER_PATHS = NO;
				CLANG_ANALYZER_NONNULL = YES;
				CLANG_ANALYZER_NUMBER_OBJECT_CONVERSION = YES_AGGRESSIVE;
				CLANG_CXX_LANGUAGE_STANDARD = "gnu++20";
				CLANG_ENABLE_MODULES = YES;
				CLANG_ENABLE_OBJC_ARC = YES;
				CLANG_ENABLE_OBJC_WEAK = YES;
				CLANG_WARN_BLOCK_CAPTURE_AUTORELEASING = YES;
				CLANG_WARN_BOOL_CONVERSION = YES;
				CLANG_WARN_COMMA = YES;
				CLANG_WARN_CONSTANT_CONVERSION = YES;
				CLANG_WARN_DEPRECATED_OBJC_IMPLEMENTATIONS = YES;
				CLANG_WARN_DIRECT_OBJC_ISA_USAGE = YES_ERROR;
				CLANG_WARN_DOCUMENTATION_COMMENTS = YES;
				CLANG_WARN_EMPTY_BODY = YES;
				CLANG_WARN_ENUM_CONVERSION = YES;
				CLANG_WARN_INFINITE_RECURSION = YES;
				CLANG_WARN_INT_CONVERSION = YES;
				CLANG_WARN_NON_LITERAL_NULL_CONVERSION = YES;
				CLANG_WARN_OBJC_IMPLICIT_RETAIN_SELF = YES;
				CLANG_WARN_OBJC_LITERAL_CONVERSION = YES;
				CLANG_WARN_OBJC_ROOT_CLASS = YES_ERROR;
				CLANG_WARN_QUOTED_INCLUDE_IN_FRAMEWORK_HEADER = YES;
				CLANG_WARN_RANGE_LOOP_ANALYSIS = YES;
				CLANG_WARN_STRICT_PROTOTYPES = YES;
				CLANG_WARN_SUSPICIOUS_MOVE = YES;
				CLANG_WARN_UNGUARDED_AVAILABILITY = YES_AGGRESSIVE;
				CLANG_WARN_UNREACHABLE_CODE = YES;
				CLANG_WARN__DUPLICATE_METHOD_MATCH = YES;
				COPY_PHASE_STRIP = NO;
				DEBUG_INFORMATION_FORMAT = dwarf;
				ENABLE_STRICT_OBJC_MSGSEND = YES;
				ENABLE_TESTABILITY = YES;
				GCC_C_LANGUAGE_STANDARD = gnu11;
				GCC_DYNAMIC_NO_PIC = NO;
				GCC_NO_COMMON_BLOCKS = YES;
				GCC_OPTIMIZATION_LEVEL = 0;
				GCC_PREPROCESSOR_DEFINITIONS = (
					"DEBUG=1",
					"$(inherited)",
				);
				GCC_WARN_64_TO_32_BIT_CONVERSION = YES;
				GCC_WARN_ABOUT_RETURN_TYPE = YES_ERROR;
				GCC_WARN_UNDECLARED_SELECTOR = YES;
				GCC_WARN_UNINITIALIZED_AUTOS = YES_AGGRESSIVE;
				GCC_WARN_UNUSED_FUNCTION = YES;
				GCC_WARN_UNUSED_VARIABLE = YES;
				IPHONEOS_DEPLOYMENT_TARGET = 16.4;
				MTL_ENABLE_DEBUG_INFO = INCLUDE_SOURCE;
				MTL_FAST_MATH = YES;
				ONLY_ACTIVE_ARCH = YES;
				SDKROOT = iphoneos;
				SWIFT_ACTIVE_COMPILATION_CONDITIONS = DEBUG;
				SWIFT_OPTIMIZATION_LEVEL = "-Onone";
			};
			name = Debug;
		};
		F747E1E82AA9C199006B6D45 /* Release */ = {
			isa = XCBuildConfiguration;
			buildSettings = {
				ALWAYS_SEARCH_USER_PATHS = NO;
				CLANG_ANALYZER_NONNULL = YES;
				CLANG_ANALYZER_NUMBER_OBJECT_CONVERSION = YES_AGGRESSIVE;
				CLANG_CXX_LANGUAGE_STANDARD = "gnu++20";
				CLANG_ENABLE_MODULES = YES;
				CLANG_ENABLE_OBJC_ARC = YES;
				CLANG_ENABLE_OBJC_WEAK = YES;
				CLANG_WARN_BLOCK_CAPTURE_AUTORELEASING = YES;
				CLANG_WARN_BOOL_CONVERSION = YES;
				CLANG_WARN_COMMA = YES;
				CLANG_WARN_CONSTANT_CONVERSION = YES;
				CLANG_WARN_DEPRECATED_OBJC_IMPLEMENTATIONS = YES;
				CLANG_WARN_DIRECT_OBJC_ISA_USAGE = YES_ERROR;
				CLANG_WARN_DOCUMENTATION_COMMENTS = YES;
				CLANG_WARN_EMPTY_BODY = YES;
				CLANG_WARN_ENUM_CONVERSION = YES;
				CLANG_WARN_INFINITE_RECURSION = YES;
				CLANG_WARN_INT_CONVERSION = YES;
				CLANG_WARN_NON_LITERAL_NULL_CONVERSION = YES;
				CLANG_WARN_OBJC_IMPLICIT_RETAIN_SELF = YES;
				CLANG_WARN_OBJC_LITERAL_CONVERSION = YES;
				CLANG_WARN_OBJC_ROOT_CLASS = YES_ERROR;
				CLANG_WARN_QUOTED_INCLUDE_IN_FRAMEWORK_HEADER = YES;
				CLANG_WARN_RANGE_LOOP_ANALYSIS = YES;
				CLANG_WARN_STRICT_PROTOTYPES = YES;
				CLANG_WARN_SUSPICIOUS_MOVE = YES;
				CLANG_WARN_UNGUARDED_AVAILABILITY = YES_AGGRESSIVE;
				CLANG_WARN_UNREACHABLE_CODE = YES;
				CLANG_WARN__DUPLICATE_METHOD_MATCH = YES;
				COPY_PHASE_STRIP = NO;
				DEBUG_INFORMATION_FORMAT = "dwarf-with-dsym";
				ENABLE_NS_ASSERTIONS = NO;
				ENABLE_STRICT_OBJC_MSGSEND = YES;
				GCC_C_LANGUAGE_STANDARD = gnu11;
				GCC_NO_COMMON_BLOCKS = YES;
				GCC_WARN_64_TO_32_BIT_CONVERSION = YES;
				GCC_WARN_ABOUT_RETURN_TYPE = YES_ERROR;
				GCC_WARN_UNDECLARED_SELECTOR = YES;
				GCC_WARN_UNINITIALIZED_AUTOS = YES_AGGRESSIVE;
				GCC_WARN_UNUSED_FUNCTION = YES;
				GCC_WARN_UNUSED_VARIABLE = YES;
				IPHONEOS_DEPLOYMENT_TARGET = 16.4;
				MTL_ENABLE_DEBUG_INFO = NO;
				MTL_FAST_MATH = YES;
				SDKROOT = iphoneos;
				SWIFT_COMPILATION_MODE = wholemodule;
				SWIFT_OPTIMIZATION_LEVEL = "-O";
				VALIDATE_PRODUCT = YES;
			};
			name = Release;
		};
		F747E1EA2AA9C199006B6D45 /* Debug */ = {
			isa = XCBuildConfiguration;
			baseConfigurationReference = 9B4FF0B4C6224BD82ACD3FFE /* Pods-RepoApp.debug.xcconfig */;
			buildSettings = {
				ASSETCATALOG_COMPILER_APPICON_NAME = AppIcon;
				ASSETCATALOG_COMPILER_GLOBAL_ACCENT_COLOR_NAME = AccentColor;
				CODE_SIGN_STYLE = Automatic;
				CURRENT_PROJECT_VERSION = 1;
				DEVELOPMENT_TEAM = 34G26S7G9Y;
				GENERATE_INFOPLIST_FILE = YES;
				INFOPLIST_FILE = RepoApp/Info.plist;
				INFOPLIST_KEY_UIApplicationSupportsIndirectInputEvents = YES;
				INFOPLIST_KEY_UILaunchStoryboardName = LaunchScreen;
				INFOPLIST_KEY_UIMainStoryboardFile = Main;
				INFOPLIST_KEY_UISupportedInterfaceOrientations_iPad = "UIInterfaceOrientationPortrait UIInterfaceOrientationPortraitUpsideDown UIInterfaceOrientationLandscapeLeft UIInterfaceOrientationLandscapeRight";
				INFOPLIST_KEY_UISupportedInterfaceOrientations_iPhone = "UIInterfaceOrientationPortrait UIInterfaceOrientationLandscapeLeft UIInterfaceOrientationLandscapeRight";
				IPHONEOS_DEPLOYMENT_TARGET = 14.0;
				LD_RUNPATH_SEARCH_PATHS = (
					"$(inherited)",
					"@executable_path/Frameworks",
				);
				MARKETING_VERSION = 1.0;
				PRODUCT_BUNDLE_IDENTIFIER = Organization.RepoApp;
				PRODUCT_NAME = "$(TARGET_NAME)";
				SWIFT_EMIT_LOC_STRINGS = YES;
				SWIFT_VERSION = 5.0;
				TARGETED_DEVICE_FAMILY = "1,2";
			};
			name = Debug;
		};
		F747E1EB2AA9C199006B6D45 /* Release */ = {
			isa = XCBuildConfiguration;
			baseConfigurationReference = 77DF1C3BA7A6E5E2DE39D399 /* Pods-RepoApp.release.xcconfig */;
			buildSettings = {
				ASSETCATALOG_COMPILER_APPICON_NAME = AppIcon;
				ASSETCATALOG_COMPILER_GLOBAL_ACCENT_COLOR_NAME = AccentColor;
				CODE_SIGN_STYLE = Automatic;
				CURRENT_PROJECT_VERSION = 1;
				DEVELOPMENT_TEAM = 34G26S7G9Y;
				GENERATE_INFOPLIST_FILE = YES;
				INFOPLIST_FILE = RepoApp/Info.plist;
				INFOPLIST_KEY_UIApplicationSupportsIndirectInputEvents = YES;
				INFOPLIST_KEY_UILaunchStoryboardName = LaunchScreen;
				INFOPLIST_KEY_UIMainStoryboardFile = Main;
				INFOPLIST_KEY_UISupportedInterfaceOrientations_iPad = "UIInterfaceOrientationPortrait UIInterfaceOrientationPortraitUpsideDown UIInterfaceOrientationLandscapeLeft UIInterfaceOrientationLandscapeRight";
				INFOPLIST_KEY_UISupportedInterfaceOrientations_iPhone = "UIInterfaceOrientationPortrait UIInterfaceOrientationLandscapeLeft UIInterfaceOrientationLandscapeRight";
				IPHONEOS_DEPLOYMENT_TARGET = 14.0;
				LD_RUNPATH_SEARCH_PATHS = (
					"$(inherited)",
					"@executable_path/Frameworks",
				);
				MARKETING_VERSION = 1.0;
				PRODUCT_BUNDLE_IDENTIFIER = Organization.RepoApp;
				PRODUCT_NAME = "$(TARGET_NAME)";
				SWIFT_EMIT_LOC_STRINGS = YES;
				SWIFT_VERSION = 5.0;
				TARGETED_DEVICE_FAMILY = "1,2";
			};
			name = Release;
		};
/* End XCBuildConfiguration section */

/* Begin XCConfigurationList section */
		F747E1D02AA9C199006B6D45 /* Build configuration list for PBXProject "RepoApp" */ = {
			isa = XCConfigurationList;
			buildConfigurations = (
				F747E1E72AA9C199006B6D45 /* Debug */,
				F747E1E82AA9C199006B6D45 /* Release */,
			);
			defaultConfigurationIsVisible = 0;
			defaultConfigurationName = Release;
		};
		F747E1E92AA9C199006B6D45 /* Build configuration list for PBXNativeTarget "RepoApp" */ = {
			isa = XCConfigurationList;
			buildConfigurations = (
				F747E1EA2AA9C199006B6D45 /* Debug */,
				F747E1EB2AA9C199006B6D45 /* Release */,
			);
			defaultConfigurationIsVisible = 0;
			defaultConfigurationName = Release;
		};
/* End XCConfigurationList section */
	};
	rootObject = F747E1CD2AA9C199006B6D45 /* Project object */;
}
